github.com/davecgh/go-spew v1.1.1 h1:cPYfyzmowX6RcjL1nB1/4bfwzmJlQylQQISTaPRR9+M=
github.com/davecgh/go-spew v1.1.1/go.mod h1:J7Y8YcW2NihsgmVo/mv3lAwl/skON4iLHjSsI+c5H38=
github.com/gorilla/websocket v1.5.1 h1:etgp/Lxn+Mb4oLPpqJucdw/XqtJAAdL/Rqw2lJr45oI=
github.com/gorilla/websocket v1.5.1/go.mod h1:E7qHFY5m1UJ88s3WnNqhKjPHQ0heANvMoAMk2YaljkQ=
github.com/inconshreveable/mousetrap v1.1.0 h1:wN+x4NVGpMsO7ErUn/mUI3vEoE6Jt13X2s0bqwp9tc8=
github.com/inconshreveable/mousetrap v1.1.0/go.mod h1:PxqpIevigyE2G7u3NXJIT2ANytuPF1OarO4DADm73n8=
github.com/mattn/go-sqlite3 v1.14.22 h1:tLHwoaaDLialJJ1C+05N+gtFI0o4bGAbjHdcvb++Gj4=
github.com/mattn/go-sqlite3 v1.14.22/go.mod h1:FPy6KqzDD04eiIsT53CuJW3U88zkxoIYsOqkbpncsNc=
github.com/pmezard/go-difflib v1.0.0 h1:xWYWTfIucZ+ZyVYKOlJneJ+8TY4lMXBZEMADMAKvOsk=
github.com/pmezard/go-difflib v1.0.0/go.mod h1:iKH77koFhYxTK1pcRnkKkqfTogsbg7gZNVY4sRDYZ/4=
github.com/spf13/cobra v1.8.0 h1:hbH5hWl9Mb13NA/wLsbD5TjGeCIod5HsosOJVNgq/Kc=
github.com/spf13/cobra v1.8.0/go.mod h1:1l0Ry5zgKvJasoi3XT1TypsSe7PqH0Sj9dhYf7v3XqQ=
github.com/spf13/pflag v1.0.5 h1:xmMVyRfgPvBqaNFqHi6dfOWpj9NC8qq5lClR48OcDj4=
github.com/spf13/pflag v1.0.5/go.mod h1:DYY7MBk1bdzusC3SYhjObp+wFpr4gzcvqqNjLnInEg4=
github.com/stretchr/testify v1.9.0 h1:xyHBFi0brGzX4Dkmw2rjMYZqnnLfpuR80jtgYhyjoLU=
github.com/stretchr/testify v1.9.0/go.mod h1:a8OnRcib4nhh0OaRAV+Yts87kKdq0PP7pXfy6kDkUVs=
golang.org/x/net v0.17.0 h1:vzQKHEZ7Va046y1oNzli76+Oc0bBeyUvUZoOhyTmFts=
golang.org/x/net v0.17.0/go.mod h1:NxSsAGuq816PNPmqtQdLE42eU2Fs7NoRIZrHJAlaCOE=
gopkg.in/check.v1 v0.0.0-20161208181325-20d25e280405 h1:2e/dQHcGZUeOvdFt0UT/bFoO0BJTxKaNWrXuJXUm+Qs=
gopkg.in/check.v1 v0.0.0-20161208181325-20d25e280405/go.mod h1:Co6ibVJAznAaIkqp8huTwlJQCZ016jof/cbN4VW5Yz0=
gopkg.in/yaml.v3 v3.0.1 h1:Klp0X8rQ9kx0zVdMJwynbNWqjJEtcAGiyeKvuqPm/1o=
gopkg.in/yaml.v3 v3.0.1/go.mod h1:K4uyk7z7BCEPqu6E+C64Yfv1cQ7kz7rIZviUmN+EgEM=
