github.com/cpuguy83/go-md2man/v2 v2.0.3/go.mod h1:tgQtvFlXSQOSOSIRvRPT7W67SCa46tRHOmNcaadrF8o=
github.com/creack/pty v1.1.9/go.mod h1:oKZEueFk5CKHvIhNR5MUki03XCEU+Q6VDXinZuGJ33E=
github.com/davecgh/go-spew v1.1.1 h1:Z4hBSqlqkh0vV/3JOYAAos7oLb9BimjZ1yXEiMQGM18=
github.com/davecgh/go-spew v1.1.1/go.mod h1:qw113pTWYcOAi9wChUKnln3RqL4z9ITlJIJjx3coxo4=
github.com/inconshreveable/mousetrap v1.1.0 h1:neYLB4ikXRDLocFJnqCf0sDNwZTUvQ9mKkML6/XO1D0=
github.com/inconshreveable/mousetrap v1.1.0/go.mod h1:vpF70FUmC8bwa3OWnCshd2FqLfsEA9PFc4w1p2J65bw=
github.com/kr/pretty v0.3.1 h1:NIcN1LJRSrAAYYjj4Pmdw54oLcYzgg8ZRzWgm4xnLiI=
github.com/kr/pretty v0.3.1/go.mod h1:hoEshYVHaxMs3cyo3Yncou5ZscifuDolrwPKZanG3xk=
github.com/kr/text v0.2.0 h1:7vd50gsMgcFZODu6GzcRXghHty2M0XqxdxU5Y5ngP5I=
github.com/kr/text v0.2.0/go.mod h1:eLer722TekiGuMkidMxC/pM04lWEeraHUUmBw8l2grE=
github.com/pkg/diff v0.0.0-20210226163009-20ebb0f2a09e/go.mod h1:FxzrH1Ff6plg5WQbyxCCcNecWR2X3+aUrTa7NQa9dHA=
github.com/pmezard/go-difflib v1.0.0 h1:jniZ2hli/AExOw70eZO/z0eZk416TwxlFjL7vmHhiHA=
github.com/pmezard/go-difflib v1.0.0/go.mod h1:iXmeElx9cj8UUH8PFu3Opn9dJC/O29mrgmxVv/z1sXU=
github.com/rogpeppe/go-internal v1.9.0 h1:0LsgRniGy1GBQezaaXilS++jd9c8CNmYzKoH9uCuvmI=
github.com/rogpeppe/go-internal v1.9.0/go.mod h1:WtVeX8xhTBvf0smdhujwtBcq4Qrzq/fJaraNFVN+nFs=
github.com/russross/blackfriday/v2 v2.1.0/go.mod h1:+Rmxgy9KzJVeS9/2gXHxylqXiyQDYRxCVz55jmeOWTM=
github.com/spf13/cobra v1.8.0 h1:lXnjN6N4im++taAUtzabGSzA95A6bhtrdKIRAeUpYvE=
github.com/spf13/cobra v1.8.0/go.mod h1:WXLWApfZ71AjXPya3WOlMsY9yMs7YeiHhFVlvLyhcho=
github.com/spf13/pflag v1.0.5 h1:L8TshrSES6OHhGVrN5GRypax03nIoLO9aWO21HQPcWI=
github.com/spf13/pflag v1.0.5/go.mod h1:McXfInJRrz4CZXVZOBLb0bTZqETkiAhM9Iw0y3An2Bg=
github.com/stretchr/testify v1.9.0 h1:JZwRm2I7B1rEllhW852HgTlegQa4MnMNOi8Zoj/ma70=
github.com/stretchr/testify v1.9.0/go.mod h1:r2ic/lqez/lEtzL7wO/rwa5dbSLXVDPFyf8C91i36aY=
gopkg.in/check.v1 v0.0.0-20161208181325-20d25e280405 h1:InObIuKogaDxbmK+4P+bttw3fNNsZXTsfG9fDxZ9678=
gopkg.in/check.v1 v0.0.0-20161208181325-20d25e280405/go.mod h1:zwj9vpCh1CuKW5HbXs4nEf2w1aqM2uAhnhNfA+vlIyU=
gopkg.in/yaml.v3 v3.0.1 h1:C6gxpp1NVhPZ2rLKH5Qtm1b1yR+AGKp1Xirh1ODKvnQ=
gopkg.in/yaml.v3 v3.0.1/go.mod h1:K4uyk7z7BCEPqu6E+C64Yfv1cQ7kz7rIZviUmN+EgEM=
